
Microsoft Visual Studio Solution File, Format Version 12.00
# Visual Studio Version 17
VisualStudioVersion = 17.0.31903.59
MinimumVisualStudioVersion = 10.0.40219.1
Project("{FAE04EC0-301F-11D3-BF4B-00C04F79EFBC}") = "DocumentManagement.Models", "DocumentManagement.Models\DocumentManagement.Models.csproj", "{7EA38083-0B17-420E-A0E2-4D2ECF0D6AE7}"
EndProject
Project("{FAE04EC0-301F-11D3-BF4B-00C04F79EFBC}") = "DocumentManagement.Core", "DocumentManagement.Core\DocumentManagement.Core.csproj", "{4B163671-6353-4D15-BD4A-D690ACAB0B01}"
EndProject
Project("{FAE04EC0-301F-11D3-BF4B-00C04F79EFBC}") = "DocumentManagement.Services", "DocumentManagement.Services\DocumentManagement.Services.csproj", "{45CB0885-9EBA-4E82-81E1-440C5BE743F1}"
EndProject
Project("{FAE04EC0-301F-11D3-BF4B-00C04F79EFBC}") = "DocumentManagementSystem", "DocumentManagementSystem\DocumentManagementSystem.csproj", "{B29E23D9-8603-493D-A874-43FB775A6368}"
EndProject
Global
	GlobalSection(SolutionConfigurationPlatforms) = preSolution
		Debug|Any CPU = Debug|Any CPU
		Release|Any CPU = Release|Any CPU
	EndGlobalSection
	GlobalSection(SolutionProperties) = preSolution
		HideSolutionNode = FALSE
	EndGlobalSection
	GlobalSection(ProjectConfigurationPlatforms) = postSolution
		{7EA38083-0B17-420E-A0E2-4D2ECF0D6AE7}.Debug|Any CPU.ActiveCfg = Debug|Any CPU
		{7EA38083-0B17-420E-A0E2-4D2ECF0D6AE7}.Debug|Any CPU.Build.0 = Debug|Any CPU
		{7EA38083-0B17-420E-A0E2-4D2ECF0D6AE7}.Release|Any CPU.ActiveCfg = Release|Any CPU
		{7EA38083-0B17-420E-A0E2-4D2ECF0D6AE7}.Release|Any CPU.Build.0 = Release|Any CPU
		{4B163671-6353-4D15-BD4A-D690ACAB0B01}.Debug|Any CPU.ActiveCfg = Debug|Any CPU
		{4B163671-6353-4D15-BD4A-D690ACAB0B01}.Debug|Any CPU.Build.0 = Debug|Any CPU
		{4B163671-6353-4D15-BD4A-D690ACAB0B01}.Release|Any CPU.ActiveCfg = Release|Any CPU
		{4B163671-6353-4D15-BD4A-D690ACAB0B01}.Release|Any CPU.Build.0 = Release|Any CPU
		{45CB0885-9EBA-4E82-81E1-440C5BE743F1}.Debug|Any CPU.ActiveCfg = Debug|Any CPU
		{45CB0885-9EBA-4E82-81E1-440C5BE743F1}.Debug|Any CPU.Build.0 = Debug|Any CPU
		{45CB0885-9EBA-4E82-81E1-440C5BE743F1}.Release|Any CPU.ActiveCfg = Release|Any CPU
		{45CB0885-9EBA-4E82-81E1-440C5BE743F1}.Release|Any CPU.Build.0 = Release|Any CPU
		{B29E23D9-8603-493D-A874-43FB775A6368}.Debug|Any CPU.ActiveCfg = Debug|Any CPU
		{B29E23D9-8603-493D-A874-43FB775A6368}.Debug|Any CPU.Build.0 = Debug|Any CPU
		{B29E23D9-8603-493D-A874-43FB775A6368}.Release|Any CPU.ActiveCfg = Release|Any CPU
		{B29E23D9-8603-493D-A874-43FB775A6368}.Release|Any CPU.Build.0 = Release|Any CPU
	EndGlobalSection
EndGlobal
